
Microsoft Visual Studio Solution File, Format Version 12.00
# Visual Studio 15
VisualStudioVersion = 15.0.27130.2010
MinimumVisualStudioVersion = 10.0.40219.1
Project("{FAE04EC0-301F-11D3-BF4B-00C04F79EFBC}") = "CSharpExamples", "CSharpExamples\CSharpExamples.csproj", "{4525D8F9-EEC7-4A1D-8F28-D246CBFA5AE2}"
EndProject
Project("{FAE04EC0-301F-11D3-BF4B-00C04F79EFBC}") = "WebApiServices", "WebApiServices\WebApiServices.csproj", "{5D9E5A95-4008-4625-A51B-42359DF90250}"
EndProject
Project("{FAE04EC0-301F-11D3-BF4B-00C04F79EFBC}") = "EFDataStorage", "EFDataStorage\EFDataStorage.csproj", "{5CDC4AED-FF01-421F-9660-689513AAEB72}"
EndProject
Project("{FAE04EC0-301F-11D3-BF4B-00C04F79EFBC}") = "SPA-Dashboard-AJ1", "SPA-Dashboard-AJ1\SPA-Dashboard-AJ1.csproj", "{B7D4AFE7-7DF7-4F52-AD51-22A55ECC694A}"
	ProjectSection(ProjectDependencies) = postProject
		{5D9E5A95-4008-4625-A51B-42359DF90250} = {5D9E5A95-4008-4625-A51B-42359DF90250}
	EndProjectSection
EndProject
Project("{FAE04EC0-301F-11D3-BF4B-00C04F79EFBC}") = "UnitTesting", "UnitTesting\UnitTesting.csproj", "{B51C5D93-76EC-42D7-8750-B7B6F10A3D5E}"
EndProject
Project("{FAE04EC0-301F-11D3-BF4B-00C04F79EFBC}") = "ProblemSolving", "ProblemSolving\ProblemSolving.csproj", "{BAFC0208-0CF1-48C6-93FD-A5CB635B9255}"
EndProject
Project("{FAE04EC0-301F-11D3-BF4B-00C04F79EFBC}") = "Rabbit-MQ", "Rabbit-MQ\Rabbit-MQ.csproj", "{4532C7FA-C7BF-4A85-870B-5CFE965B1A77}"
EndProject
Global
	GlobalSection(SolutionConfigurationPlatforms) = preSolution
		Debug|Any CPU = Debug|Any CPU
		Release|Any CPU = Release|Any CPU
		Test|Any CPU = Test|Any CPU
	EndGlobalSection
	GlobalSection(ProjectConfigurationPlatforms) = postSolution
		{4525D8F9-EEC7-4A1D-8F28-D246CBFA5AE2}.Debug|Any CPU.ActiveCfg = Debug|Any CPU
		{4525D8F9-EEC7-4A1D-8F28-D246CBFA5AE2}.Debug|Any CPU.Build.0 = Debug|Any CPU
		{4525D8F9-EEC7-4A1D-8F28-D246CBFA5AE2}.Release|Any CPU.ActiveCfg = Release|Any CPU
		{4525D8F9-EEC7-4A1D-8F28-D246CBFA5AE2}.Release|Any CPU.Build.0 = Release|Any CPU
		{4525D8F9-EEC7-4A1D-8F28-D246CBFA5AE2}.Release|Any CPU.Deploy.0 = Release|Any CPU
		{4525D8F9-EEC7-4A1D-8F28-D246CBFA5AE2}.Test|Any CPU.ActiveCfg = Release|Any CPU
		{4525D8F9-EEC7-4A1D-8F28-D246CBFA5AE2}.Test|Any CPU.Build.0 = Release|Any CPU
		{5D9E5A95-4008-4625-A51B-42359DF90250}.Debug|Any CPU.ActiveCfg = Debug|Any CPU
		{5D9E5A95-4008-4625-A51B-42359DF90250}.Debug|Any CPU.Build.0 = Debug|Any CPU
		{5D9E5A95-4008-4625-A51B-42359DF90250}.Release|Any CPU.ActiveCfg = Release|Any CPU
		{5D9E5A95-4008-4625-A51B-42359DF90250}.Release|Any CPU.Build.0 = Release|Any CPU
		{5D9E5A95-4008-4625-A51B-42359DF90250}.Test|Any CPU.ActiveCfg = Release|Any CPU
		{5D9E5A95-4008-4625-A51B-42359DF90250}.Test|Any CPU.Build.0 = Release|Any CPU
		{5CDC4AED-FF01-421F-9660-689513AAEB72}.Debug|Any CPU.ActiveCfg = Debug|Any CPU
		{5CDC4AED-FF01-421F-9660-689513AAEB72}.Debug|Any CPU.Build.0 = Debug|Any CPU
		{5CDC4AED-FF01-421F-9660-689513AAEB72}.Release|Any CPU.ActiveCfg = Release|Any CPU
		{5CDC4AED-FF01-421F-9660-689513AAEB72}.Release|Any CPU.Build.0 = Release|Any CPU
		{5CDC4AED-FF01-421F-9660-689513AAEB72}.Test|Any CPU.ActiveCfg = Release|Any CPU
		{5CDC4AED-FF01-421F-9660-689513AAEB72}.Test|Any CPU.Build.0 = Release|Any CPU
		{B7D4AFE7-7DF7-4F52-AD51-22A55ECC694A}.Debug|Any CPU.ActiveCfg = Debug|Any CPU
		{B7D4AFE7-7DF7-4F52-AD51-22A55ECC694A}.Debug|Any CPU.Build.0 = Debug|Any CPU
		{B7D4AFE7-7DF7-4F52-AD51-22A55ECC694A}.Release|Any CPU.ActiveCfg = Release|Any CPU
		{B7D4AFE7-7DF7-4F52-AD51-22A55ECC694A}.Release|Any CPU.Build.0 = Release|Any CPU
		{B7D4AFE7-7DF7-4F52-AD51-22A55ECC694A}.Test|Any CPU.ActiveCfg = Release|Any CPU
		{B7D4AFE7-7DF7-4F52-AD51-22A55ECC694A}.Test|Any CPU.Build.0 = Release|Any CPU
		{B51C5D93-76EC-42D7-8750-B7B6F10A3D5E}.Debug|Any CPU.ActiveCfg = Debug|Any CPU
		{B51C5D93-76EC-42D7-8750-B7B6F10A3D5E}.Debug|Any CPU.Build.0 = Debug|Any CPU
		{B51C5D93-76EC-42D7-8750-B7B6F10A3D5E}.Release|Any CPU.ActiveCfg = Release|Any CPU
		{B51C5D93-76EC-42D7-8750-B7B6F10A3D5E}.Release|Any CPU.Build.0 = Release|Any CPU
		{B51C5D93-76EC-42D7-8750-B7B6F10A3D5E}.Test|Any CPU.ActiveCfg = Release|Any CPU
		{B51C5D93-76EC-42D7-8750-B7B6F10A3D5E}.Test|Any CPU.Build.0 = Release|Any CPU
		{BAFC0208-0CF1-48C6-93FD-A5CB635B9255}.Debug|Any CPU.ActiveCfg = Debug|Any CPU
		{BAFC0208-0CF1-48C6-93FD-A5CB635B9255}.Debug|Any CPU.Build.0 = Debug|Any CPU
		{BAFC0208-0CF1-48C6-93FD-A5CB635B9255}.Release|Any CPU.ActiveCfg = Release|Any CPU
		{BAFC0208-0CF1-48C6-93FD-A5CB635B9255}.Release|Any CPU.Build.0 = Release|Any CPU
		{BAFC0208-0CF1-48C6-93FD-A5CB635B9255}.Test|Any CPU.ActiveCfg = Release|Any CPU
		{BAFC0208-0CF1-48C6-93FD-A5CB635B9255}.Test|Any CPU.Build.0 = Release|Any CPU
		{4532C7FA-C7BF-4A85-870B-5CFE965B1A77}.Debug|Any CPU.ActiveCfg = Debug|Any CPU
		{4532C7FA-C7BF-4A85-870B-5CFE965B1A77}.Debug|Any CPU.Build.0 = Debug|Any CPU
		{4532C7FA-C7BF-4A85-870B-5CFE965B1A77}.Release|Any CPU.ActiveCfg = Release|Any CPU
		{4532C7FA-C7BF-4A85-870B-5CFE965B1A77}.Release|Any CPU.Build.0 = Release|Any CPU
		{4532C7FA-C7BF-4A85-870B-5CFE965B1A77}.Test|Any CPU.ActiveCfg = Release|Any CPU
		{4532C7FA-C7BF-4A85-870B-5CFE965B1A77}.Test|Any CPU.Build.0 = Release|Any CPU
	EndGlobalSection
	GlobalSection(SolutionProperties) = preSolution
		HideSolutionNode = FALSE
	EndGlobalSection
	GlobalSection(ExtensibilityGlobals) = postSolution
		SolutionGuid = {B09A15DE-2E81-4863-94DF-98F6B3A4F3EC}
	EndGlobalSection
EndGlobal
